
Microsoft Visual Studio Solution File, Format Version 12.00
# Visual Studio Version 17
VisualStudioVersion = 17.10.35122.118
MinimumVisualStudioVersion = 10.0.40219.1
Project("{FAE04EC0-301F-11D3-BF4B-00C04F79EFBC}") = "Dater.Auth", "Dater.Auth\Dater.Auth.csproj", "{571614FD-0D3C-4C5A-AF15-3F28BB1545DF}"
EndProject
Global
	GlobalSection(SolutionConfigurationPlatforms) = preSolution
		Debug|Any CPU = Debug|Any CPU
		Release|Any CPU = Release|Any CPU
	EndGlobalSection
	GlobalSection(ProjectConfigurationPlatforms) = postSolution
		{571614FD-0D3C-4C5A-AF15-3F28BB1545DF}.Debug|Any CPU.ActiveCfg = Debug|Any CPU
		{571614FD-0D3C-4C5A-AF15-3F28BB1545DF}.Debug|Any CPU.Build.0 = Debug|Any CPU
		{571614FD-0D3C-4C5A-AF15-3F28BB1545DF}.Release|Any CPU.ActiveCfg = Release|Any CPU
		{571614FD-0D3C-4C5A-AF15-3F28BB1545DF}.Release|Any CPU.Build.0 = Release|Any CPU
	EndGlobalSection
	GlobalSection(SolutionProperties) = preSolution
		HideSolutionNode = FALSE
	EndGlobalSection
	GlobalSection(ExtensibilityGlobals) = postSolution
		SolutionGuid = {F1872DC5-A304-44EF-A9E5-BE09A255C153}
	EndGlobalSection
EndGlobal
